
Microsoft Visual Studio Solution File, Format Version 12.00
# Visual Studio 14
VisualStudioVersion = 14.0.25420.1
MinimumVisualStudioVersion = 10.0.40219.1
Project("{FAE04EC0-301F-11D3-BF4B-00C04F79EFBC}") = "Tardy", "Tardy\Tardy.csproj", "{47E63E15-75AD-4875-80C4-8E1719B2BDBE}"
EndProject
Project("{FAE04EC0-301F-11D3-BF4B-00C04F79EFBC}") = "Emailing", "Emailing\Emailing.csproj", "{4F168012-25D6-4B97-87BD-9F0E2B051CE9}"
EndProject
Global
	GlobalSection(SolutionConfigurationPlatforms) = preSolution
		Debug|Any CPU = Debug|Any CPU
		Release|Any CPU = Release|Any CPU
	EndGlobalSection
	GlobalSection(ProjectConfigurationPlatforms) = postSolution
		{47E63E15-75AD-4875-80C4-8E1719B2BDBE}.Debug|Any CPU.ActiveCfg = Debug|Any CPU
		{47E63E15-75AD-4875-80C4-8E1719B2BDBE}.Debug|Any CPU.Build.0 = Debug|Any CPU
		{47E63E15-75AD-4875-80C4-8E1719B2BDBE}.Release|Any CPU.ActiveCfg = Release|Any CPU
		{47E63E15-75AD-4875-80C4-8E1719B2BDBE}.Release|Any CPU.Build.0 = Release|Any CPU
		{4F168012-25D6-4B97-87BD-9F0E2B051CE9}.Debug|Any CPU.ActiveCfg = Debug|Any CPU
		{4F168012-25D6-4B97-87BD-9F0E2B051CE9}.Debug|Any CPU.Build.0 = Debug|Any CPU
		{4F168012-25D6-4B97-87BD-9F0E2B051CE9}.Release|Any CPU.ActiveCfg = Release|Any CPU
		{4F168012-25D6-4B97-87BD-9F0E2B051CE9}.Release|Any CPU.Build.0 = Release|Any CPU
	EndGlobalSection
	GlobalSection(SolutionProperties) = preSolution
		HideSolutionNode = FALSE
	EndGlobalSection
EndGlobal
